
Microsoft Visual Studio Solution File, Format Version 12.00
# Visual Studio Version 18
VisualStudioVersion = 18.0.11111.16 d18.0
MinimumVisualStudioVersion = 10.0.40219.1
Project("{FAE04EC0-301F-11D3-BF4B-00C04F79EFBC}") = "TroiletCore", "TroiletCore\TroiletCore.csproj", "{DDBE6C85-F216-4DE7-8F45-006554A6795D}"
EndProject
Project("{FAE04EC0-301F-11D3-BF4B-00C04F79EFBC}") = "TroiletCLI", "TroiletCLI\TroiletCLI.csproj", "{DBDFD081-B69B-48B7-9F4B-74F4C9A7FB3A}"
EndProject
Project("{FAE04EC0-301F-11D3-BF4B-00C04F79EFBC}") = "TroiletProt-DotNet", "TroiletProt-DotNet\TroiletProt-DotNet.csproj", "{0054502E-ED21-4810-B3BC-34984FFDA091}"
EndProject
Project("{FAE04EC0-301F-11D3-BF4B-00C04F79EFBC}") = "TroiletGUI", "TroiletGUI\TroiletGUI.csproj", "{AD9ED4E1-5533-47CF-8865-61940074E989}"
EndProject
Project("{FAE04EC0-301F-11D3-BF4B-00C04F79EFBC}") = "TroiletProt-Lua", "TroiletProt-Lua\TroiletProt-Lua.csproj", "{7AB32D53-BD15-4BC1-B88A-98753B5AE92F}"
EndProject
Global
	GlobalSection(SolutionConfigurationPlatforms) = preSolution
		Debug|Any CPU = Debug|Any CPU
		Release|Any CPU = Release|Any CPU
	EndGlobalSection
	GlobalSection(ProjectConfigurationPlatforms) = postSolution
		{DDBE6C85-F216-4DE7-8F45-006554A6795D}.Debug|Any CPU.ActiveCfg = Debug|Any CPU
		{DDBE6C85-F216-4DE7-8F45-006554A6795D}.Debug|Any CPU.Build.0 = Debug|Any CPU
		{DDBE6C85-F216-4DE7-8F45-006554A6795D}.Release|Any CPU.ActiveCfg = Release|Any CPU
		{DDBE6C85-F216-4DE7-8F45-006554A6795D}.Release|Any CPU.Build.0 = Release|Any CPU
		{DBDFD081-B69B-48B7-9F4B-74F4C9A7FB3A}.Debug|Any CPU.ActiveCfg = Debug|Any CPU
		{DBDFD081-B69B-48B7-9F4B-74F4C9A7FB3A}.Debug|Any CPU.Build.0 = Debug|Any CPU
		{DBDFD081-B69B-48B7-9F4B-74F4C9A7FB3A}.Release|Any CPU.ActiveCfg = Release|Any CPU
		{DBDFD081-B69B-48B7-9F4B-74F4C9A7FB3A}.Release|Any CPU.Build.0 = Release|Any CPU
		{0054502E-ED21-4810-B3BC-34984FFDA091}.Debug|Any CPU.ActiveCfg = Debug|Any CPU
		{0054502E-ED21-4810-B3BC-34984FFDA091}.Debug|Any CPU.Build.0 = Debug|Any CPU
		{0054502E-ED21-4810-B3BC-34984FFDA091}.Release|Any CPU.ActiveCfg = Release|Any CPU
		{0054502E-ED21-4810-B3BC-34984FFDA091}.Release|Any CPU.Build.0 = Release|Any CPU
		{AD9ED4E1-5533-47CF-8865-61940074E989}.Debug|Any CPU.ActiveCfg = Debug|Any CPU
		{AD9ED4E1-5533-47CF-8865-61940074E989}.Debug|Any CPU.Build.0 = Debug|Any CPU
		{AD9ED4E1-5533-47CF-8865-61940074E989}.Release|Any CPU.ActiveCfg = Release|Any CPU
		{AD9ED4E1-5533-47CF-8865-61940074E989}.Release|Any CPU.Build.0 = Release|Any CPU
		{7AB32D53-BD15-4BC1-B88A-98753B5AE92F}.Debug|Any CPU.ActiveCfg = Debug|Any CPU
		{7AB32D53-BD15-4BC1-B88A-98753B5AE92F}.Debug|Any CPU.Build.0 = Debug|Any CPU
		{7AB32D53-BD15-4BC1-B88A-98753B5AE92F}.Release|Any CPU.ActiveCfg = Release|Any CPU
		{7AB32D53-BD15-4BC1-B88A-98753B5AE92F}.Release|Any CPU.Build.0 = Release|Any CPU
	EndGlobalSection
	GlobalSection(SolutionProperties) = preSolution
		HideSolutionNode = FALSE
	EndGlobalSection
	GlobalSection(ExtensibilityGlobals) = postSolution
		SolutionGuid = {6697B2A1-6F1F-408B-B90C-FF5CB4719511}
	EndGlobalSection
EndGlobal
